
Microsoft Visual Studio Solution File, Format Version 12.00
# Visual Studio Version 17
VisualStudioVersion = 17.4.33205.214
MinimumVisualStudioVersion = 10.0.40219.1
Project("{FAE04EC0-301F-11D3-BF4B-00C04F79EFBC}") = "BootcampPottencialDotNetExemploPOO", "BootcampPottencialDotNetExemploPOO.csproj", "{C1F43BF2-7F6C-4835-B375-F924EE0D8A81}"
EndProject
Global
	GlobalSection(SolutionConfigurationPlatforms) = preSolution
		Debug|Any CPU = Debug|Any CPU
		Release|Any CPU = Release|Any CPU
	EndGlobalSection
	GlobalSection(ProjectConfigurationPlatforms) = postSolution
		{C1F43BF2-7F6C-4835-B375-F924EE0D8A81}.Debug|Any CPU.ActiveCfg = Debug|Any CPU
		{C1F43BF2-7F6C-4835-B375-F924EE0D8A81}.Debug|Any CPU.Build.0 = Debug|Any CPU
		{C1F43BF2-7F6C-4835-B375-F924EE0D8A81}.Release|Any CPU.ActiveCfg = Release|Any CPU
		{C1F43BF2-7F6C-4835-B375-F924EE0D8A81}.Release|Any CPU.Build.0 = Release|Any CPU
	EndGlobalSection
	GlobalSection(SolutionProperties) = preSolution
		HideSolutionNode = FALSE
	EndGlobalSection
	GlobalSection(ExtensibilityGlobals) = postSolution
		SolutionGuid = {3EB68EB1-6145-4E21-91A7-1B625BECC314}
	EndGlobalSection
EndGlobal
